<Solution>
  <Project Path="WebApplication1.DataAccess/WebApplication1.DataAccess.csproj" />
  <Project Path="WebApplication1.Entities/WebApplication1.Entities.csproj" />
  <Project Path="WebApplication1.ServiceContracts/WebApplication1.ServiceContracts.csproj" />
  <Project Path="WebApplication1.Services/WebApplication1.Services.csproj" />
  <Project Path="WebApplication1/WebApplication1.csproj" />
</Solution>
